
Microsoft Visual Studio Solution File, Format Version 12.00
# Visual Studio Version 16
VisualStudioVersion = 16.0.31624.102
MinimumVisualStudioVersion = 10.0.40219.1
Project("{9A19103F-16F7-4668-BE54-9A1E7A4F7556}") = "TP2LouisPhilippeRousseau", "TP1LouisPhilippeRousseau\TP2LouisPhilippeRousseau.csproj", "{4B92C7A8-7907-43D2-947A-E7612E5E8D9F}"
EndProject
Global
	GlobalSection(SolutionConfigurationPlatforms) = preSolution
		Debug|Any CPU = Debug|Any CPU
		Release|Any CPU = Release|Any CPU
	EndGlobalSection
	GlobalSection(ProjectConfigurationPlatforms) = postSolution
		{4B92C7A8-7907-43D2-947A-E7612E5E8D9F}.Debug|Any CPU.ActiveCfg = Debug|Any CPU
		{4B92C7A8-7907-43D2-947A-E7612E5E8D9F}.Debug|Any CPU.Build.0 = Debug|Any CPU
		{4B92C7A8-7907-43D2-947A-E7612E5E8D9F}.Release|Any CPU.ActiveCfg = Release|Any CPU
		{4B92C7A8-7907-43D2-947A-E7612E5E8D9F}.Release|Any CPU.Build.0 = Release|Any CPU
	EndGlobalSection
	GlobalSection(SolutionProperties) = preSolution
		HideSolutionNode = FALSE
	EndGlobalSection
	GlobalSection(ExtensibilityGlobals) = postSolution
		SolutionGuid = {6721121E-6144-4058-980F-E4D547ACBE9C}
	EndGlobalSection
EndGlobal
